// !$*UTF8*$!
{
	archiveVersion = 1;
	classes = {
	};
	objectVersion = 56;
	objects = {

/* Begin PBXBuildFile section */
		F36AE2F3299E4F5400D7AD54 /* AppDelegate.swift in Sources */ = {isa = PBXBuildFile; fileRef = F36AE2F2299E4F5400D7AD54 /* AppDelegate.swift */; };
		F36AE2F5299E4F5400D7AD54 /* SceneDelegate.swift in Sources */ = {isa = PBXBuildFile; fileRef = F36AE2F4299E4F5400D7AD54 /* SceneDelegate.swift */; };
		F36AE2F7299E4F5400D7AD54 /* CalculatorScreenViewController.swift in Sources */ = {isa = PBXBuildFile; fileRef = F36AE2F6299E4F5400D7AD54 /* CalculatorScreenViewController.swift */; };
		F36AE2FC299E4F5500D7AD54 /* Assets.xcassets in Resources */ = {isa = PBXBuildFile; fileRef = F36AE2FB299E4F5500D7AD54 /* Assets.xcassets */; };
		F36AE2FF299E4F5500D7AD54 /* LaunchScreen.storyboard in Resources */ = {isa = PBXBuildFile; fileRef = F36AE2FD299E4F5500D7AD54 /* LaunchScreen.storyboard */; };
		F37D509029A4EBAB0067C76F /* CalculatorScreenModel.swift in Sources */ = {isa = PBXBuildFile; fileRef = F37D508F29A4EBAB0067C76F /* CalculatorScreenModel.swift */; };
		F37D509229A4EBB70067C76F /* CalculatorScreenViewModel.swift in Sources */ = {isa = PBXBuildFile; fileRef = F37D509129A4EBB70067C76F /* CalculatorScreenViewModel.swift */; };
		F384436929A1D4390081DEC0 /* SnapKit in Frameworks */ = {isa = PBXBuildFile; productRef = F384436829A1D4390081DEC0 /* SnapKit */; };
		F384436B29A1D7E30081DEC0 /* CalculatorScreenView.swift in Sources */ = {isa = PBXBuildFile; fileRef = F384436A29A1D7E30081DEC0 /* CalculatorScreenView.swift */; };
		F384437029A1DBAF0081DEC0 /* Fonts.swift in Sources */ = {isa = PBXBuildFile; fileRef = F384436F29A1DBAF0081DEC0 /* Fonts.swift */; };
		F384437529A1DEDE0081DEC0 /* CalculatorScreenCollectionViewCell.swift in Sources */ = {isa = PBXBuildFile; fileRef = F384437429A1DEDE0081DEC0 /* CalculatorScreenCollectionViewCell.swift */; };
		F384437729A23E620081DEC0 /* Constants.swift in Sources */ = {isa = PBXBuildFile; fileRef = F384437629A23E620081DEC0 /* Constants.swift */; };
		F38EA6B129B85A66004515D1 /* GoogleSans-Bold.ttf in Resources */ = {isa = PBXBuildFile; fileRef = F38EA6AE29B85A66004515D1 /* GoogleSans-Bold.ttf */; };
		F38EA6B229B85A66004515D1 /* GoogleSans-Medium.ttf in Resources */ = {isa = PBXBuildFile; fileRef = F38EA6AF29B85A66004515D1 /* GoogleSans-Medium.ttf */; };
		F38EA6B329B85A66004515D1 /* GoogleSans-Regular.ttf in Resources */ = {isa = PBXBuildFile; fileRef = F38EA6B029B85A66004515D1 /* GoogleSans-Regular.ttf */; };
/* End PBXBuildFile section */

/* Begin PBXFileReference section */
		F36AE2EF299E4F5400D7AD54 /* Calculator_2023.app */ = {isa = PBXFileReference; explicitFileType = wrapper.application; includeInIndex = 0; path = Calculator_2023.app; sourceTree = BUILT_PRODUCTS_DIR; };
		F36AE2F2299E4F5400D7AD54 /* AppDelegate.swift */ = {isa = PBXFileReference; lastKnownFileType = sourcecode.swift; path = AppDelegate.swift; sourceTree = "<group>"; };
		F36AE2F4299E4F5400D7AD54 /* SceneDelegate.swift */ = {isa = PBXFileReference; lastKnownFileType = sourcecode.swift; path = SceneDelegate.swift; sourceTree = "<group>"; };
		F36AE2F6299E4F5400D7AD54 /* CalculatorScreenViewController.swift */ = {isa = PBXFileReference; lastKnownFileType = sourcecode.swift; path = CalculatorScreenViewController.swift; sourceTree = "<group>"; };
		F36AE2FB299E4F5500D7AD54 /* Assets.xcassets */ = {isa = PBXFileReference; lastKnownFileType = folder.assetcatalog; path = Assets.xcassets; sourceTree = "<group>"; };
		F36AE2FE299E4F5500D7AD54 /* Base */ = {isa = PBXFileReference; lastKnownFileType = file.storyboard; name = Base; path = Base.lproj/LaunchScreen.storyboard; sourceTree = "<group>"; };
		F36AE300299E4F5500D7AD54 /* Info.plist */ = {isa = PBXFileReference; lastKnownFileType = text.plist.xml; path = Info.plist; sourceTree = "<group>"; };
		F37D508F29A4EBAB0067C76F /* CalculatorScreenModel.swift */ = {isa = PBXFileReference; lastKnownFileType = sourcecode.swift; path = CalculatorScreenModel.swift; sourceTree = "<group>"; };
		F37D509129A4EBB70067C76F /* CalculatorScreenViewModel.swift */ = {isa = PBXFileReference; lastKnownFileType = sourcecode.swift; path = CalculatorScreenViewModel.swift; sourceTree = "<group>"; };
		F384436A29A1D7E30081DEC0 /* CalculatorScreenView.swift */ = {isa = PBXFileReference; lastKnownFileType = sourcecode.swift; path = CalculatorScreenView.swift; sourceTree = "<group>"; };
		F384436F29A1DBAF0081DEC0 /* Fonts.swift */ = {isa = PBXFileReference; lastKnownFileType = sourcecode.swift; path = Fonts.swift; sourceTree = "<group>"; };
		F384437429A1DEDE0081DEC0 /* CalculatorScreenCollectionViewCell.swift */ = {isa = PBXFileReference; lastKnownFileType = sourcecode.swift; path = CalculatorScreenCollectionViewCell.swift; sourceTree = "<group>"; };
		F384437629A23E620081DEC0 /* Constants.swift */ = {isa = PBXFileReference; lastKnownFileType = sourcecode.swift; path = Constants.swift; sourceTree = "<group>"; };
		F38EA6AE29B85A66004515D1 /* GoogleSans-Bold.ttf */ = {isa = PBXFileReference; lastKnownFileType = file; path = "GoogleSans-Bold.ttf"; sourceTree = "<group>"; };
		F38EA6AF29B85A66004515D1 /* GoogleSans-Medium.ttf */ = {isa = PBXFileReference; lastKnownFileType = file; path = "GoogleSans-Medium.ttf"; sourceTree = "<group>"; };
		F38EA6B029B85A66004515D1 /* GoogleSans-Regular.ttf */ = {isa = PBXFileReference; lastKnownFileType = file; path = "GoogleSans-Regular.ttf"; sourceTree = "<group>"; };
/* End PBXFileReference section */

/* Begin PBXFrameworksBuildPhase section */
		F36AE2EC299E4F5400D7AD54 /* Frameworks */ = {
			isa = PBXFrameworksBuildPhase;
			buildActionMask = 2147483647;
			files = (
				F384436929A1D4390081DEC0 /* SnapKit in Frameworks */,
			);
			runOnlyForDeploymentPostprocessing = 0;
		};
/* End PBXFrameworksBuildPhase section */

/* Begin PBXGroup section */
		F36AE2E6299E4F5400D7AD54 = {
			isa = PBXGroup;
			children = (
				F36AE2F1299E4F5400D7AD54 /* Calculator_2023 */,
				F36AE2F0299E4F5400D7AD54 /* Products */,
			);
			sourceTree = "<group>";
		};
		F36AE2F0299E4F5400D7AD54 /* Products */ = {
			isa = PBXGroup;
			children = (
				F36AE2EF299E4F5400D7AD54 /* Calculator_2023.app */,
			);
			name = Products;
			sourceTree = "<group>";
		};
		F36AE2F1299E4F5400D7AD54 /* Calculator_2023 */ = {
			isa = PBXGroup;
			children = (
				F384436C29A1DB530081DEC0 /* Application */,
				F384436E29A1DB8F0081DEC0 /* Screen */,
				F384436D29A1DB610081DEC0 /* Resources */,
				F36AE2FB299E4F5500D7AD54 /* Assets.xcassets */,
				F36AE2FD299E4F5500D7AD54 /* LaunchScreen.storyboard */,
			);
			path = Calculator_2023;
			sourceTree = "<group>";
		};
		F384436C29A1DB530081DEC0 /* Application */ = {
			isa = PBXGroup;
			children = (
				F36AE300299E4F5500D7AD54 /* Info.plist */,
				F36AE2F2299E4F5400D7AD54 /* AppDelegate.swift */,
				F36AE2F4299E4F5400D7AD54 /* SceneDelegate.swift */,
			);
			path = Application;
			sourceTree = "<group>";
		};
		F384436D29A1DB610081DEC0 /* Resources */ = {
			isa = PBXGroup;
			children = (
				F384437129A1DBD60081DEC0 /* Fonts */,
				F384437629A23E620081DEC0 /* Constants.swift */,
			);
			path = Resources;
			sourceTree = "<group>";
		};
		F384436E29A1DB8F0081DEC0 /* Screen */ = {
			isa = PBXGroup;
			children = (
				F37D509129A4EBB70067C76F /* CalculatorScreenViewModel.swift */,
				F37D508F29A4EBAB0067C76F /* CalculatorScreenModel.swift */,
				F384436A29A1D7E30081DEC0 /* CalculatorScreenView.swift */,
				F36AE2F6299E4F5400D7AD54 /* CalculatorScreenViewController.swift */,
				F384437429A1DEDE0081DEC0 /* CalculatorScreenCollectionViewCell.swift */,
			);
			path = Screen;
			sourceTree = "<group>";
		};
		F384437129A1DBD60081DEC0 /* Fonts */ = {
			isa = PBXGroup;
			children = (
				F38EA6AE29B85A66004515D1 /* GoogleSans-Bold.ttf */,
				F38EA6AF29B85A66004515D1 /* GoogleSans-Medium.ttf */,
				F38EA6B029B85A66004515D1 /* GoogleSans-Regular.ttf */,
				F384436F29A1DBAF0081DEC0 /* Fonts.swift */,
			);
			path = Fonts;
			sourceTree = "<group>";
		};
/* End PBXGroup section */

/* Begin PBXNativeTarget section */
		F36AE2EE299E4F5400D7AD54 /* Calculator_2023 */ = {
			isa = PBXNativeTarget;
			buildConfigurationList = F36AE303299E4F5500D7AD54 /* Build configuration list for PBXNativeTarget "Calculator_2023" */;
			buildPhases = (
				F36AE2EB299E4F5400D7AD54 /* Sources */,
				F36AE2EC299E4F5400D7AD54 /* Frameworks */,
				F36AE2ED299E4F5400D7AD54 /* Resources */,
			);
			buildRules = (
			);
			dependencies = (
			);
			name = Calculator_2023;
			packageProductDependencies = (
				F384436829A1D4390081DEC0 /* SnapKit */,
			);
			productName = Calculator_2023;
			productReference = F36AE2EF299E4F5400D7AD54 /* Calculator_2023.app */;
			productType = "com.apple.product-type.application";
		};
/* End PBXNativeTarget section */

/* Begin PBXProject section */
		F36AE2E7299E4F5400D7AD54 /* Project object */ = {
			isa = PBXProject;
			attributes = {
				BuildIndependentTargetsInParallel = 1;
				LastSwiftUpdateCheck = 1420;
				LastUpgradeCheck = 1420;
				TargetAttributes = {
					F36AE2EE299E4F5400D7AD54 = {
						CreatedOnToolsVersion = 14.2;
					};
				};
			};
			buildConfigurationList = F36AE2EA299E4F5400D7AD54 /* Build configuration list for PBXProject "Calculator_2023" */;
			compatibilityVersion = "Xcode 14.0";
			developmentRegion = en;
			hasScannedForEncodings = 0;
			knownRegions = (
				en,
				Base,
			);
			mainGroup = F36AE2E6299E4F5400D7AD54;
			packageReferences = (
				F384436729A1D4390081DEC0 /* XCRemoteSwiftPackageReference "SnapKit" */,
			);
			productRefGroup = F36AE2F0299E4F5400D7AD54 /* Products */;
			projectDirPath = "";
			projectRoot = "";
			targets = (
				F36AE2EE299E4F5400D7AD54 /* Calculator_2023 */,
			);
		};
/* End PBXProject section */

/* Begin PBXResourcesBuildPhase section */
		F36AE2ED299E4F5400D7AD54 /* Resources */ = {
			isa = PBXResourcesBuildPhase;
			buildActionMask = 2147483647;
			files = (
				F36AE2FF299E4F5500D7AD54 /* LaunchScreen.storyboard in Resources */,
				F38EA6B229B85A66004515D1 /* GoogleSans-Medium.ttf in Resources */,
				F36AE2FC299E4F5500D7AD54 /* Assets.xcassets in Resources */,
				F38EA6B329B85A66004515D1 /* GoogleSans-Regular.ttf in Resources */,
				F38EA6B129B85A66004515D1 /* GoogleSans-Bold.ttf in Resources */,
			);
			runOnlyForDeploymentPostprocessing = 0;
		};
/* End PBXResourcesBuildPhase section */

/* Begin PBXSourcesBuildPhase section */
		F36AE2EB299E4F5400D7AD54 /* Sources */ = {
			isa = PBXSourcesBuildPhase;
			buildActionMask = 2147483647;
			files = (
				F384436B29A1D7E30081DEC0 /* CalculatorScreenView.swift in Sources */,
				F384437029A1DBAF0081DEC0 /* Fonts.swift in Sources */,
				F37D509229A4EBB70067C76F /* CalculatorScreenViewModel.swift in Sources */,
				F36AE2F7299E4F5400D7AD54 /* CalculatorScreenViewController.swift in Sources */,
				F37D509029A4EBAB0067C76F /* CalculatorScreenModel.swift in Sources */,
				F36AE2F3299E4F5400D7AD54 /* AppDelegate.swift in Sources */,
				F384437729A23E620081DEC0 /* Constants.swift in Sources */,
				F384437529A1DEDE0081DEC0 /* CalculatorScreenCollectionViewCell.swift in Sources */,
				F36AE2F5299E4F5400D7AD54 /* SceneDelegate.swift in Sources */,
			);
			runOnlyForDeploymentPostprocessing = 0;
		};
/* End PBXSourcesBuildPhase section */

/* Begin PBXVariantGroup section */
		F36AE2FD299E4F5500D7AD54 /* LaunchScreen.storyboard */ = {
			isa = PBXVariantGroup;
			children = (
				F36AE2FE299E4F5500D7AD54 /* Base */,
			);
			name = LaunchScreen.storyboard;
			sourceTree = "<group>";
		};
/* End PBXVariantGroup section */

/* Begin XCBuildConfiguration section */
		F36AE301299E4F5500D7AD54 /* Debug */ = {
			isa = XCBuildConfiguration;
			buildSettings = {
				ALWAYS_SEARCH_USER_PATHS = NO;
				CLANG_ANALYZER_NONNULL = YES;
				CLANG_ANALYZER_NUMBER_OBJECT_CONVERSION = YES_AGGRESSIVE;
				CLANG_CXX_LANGUAGE_STANDARD = "gnu++20";
				CLANG_ENABLE_MODULES = YES;
				CLANG_ENABLE_OBJC_ARC = YES;
				CLANG_ENABLE_OBJC_WEAK = YES;
				CLANG_WARN_BLOCK_CAPTURE_AUTORELEASING = YES;
				CLANG_WARN_BOOL_CONVERSION = YES;
				CLANG_WARN_COMMA = YES;
				CLANG_WARN_CONSTANT_CONVERSION = YES;
				CLANG_WARN_DEPRECATED_OBJC_IMPLEMENTATIONS = YES;
				CLANG_WARN_DIRECT_OBJC_ISA_USAGE = YES_ERROR;
				CLANG_WARN_DOCUMENTATION_COMMENTS = YES;
				CLANG_WARN_EMPTY_BODY = YES;
				CLANG_WARN_ENUM_CONVERSION = YES;
				CLANG_WARN_INFINITE_RECURSION = YES;
				CLANG_WARN_INT_CONVERSION = YES;
				CLANG_WARN_NON_LITERAL_NULL_CONVERSION = YES;
				CLANG_WARN_OBJC_IMPLICIT_RETAIN_SELF = YES;
				CLANG_WARN_OBJC_LITERAL_CONVERSION = YES;
				CLANG_WARN_OBJC_ROOT_CLASS = YES_ERROR;
				CLANG_WARN_QUOTED_INCLUDE_IN_FRAMEWORK_HEADER = YES;
				CLANG_WARN_RANGE_LOOP_ANALYSIS = YES;
				CLANG_WARN_STRICT_PROTOTYPES = YES;
				CLANG_WARN_SUSPICIOUS_MOVE = YES;
				CLANG_WARN_UNGUARDED_AVAILABILITY = YES_AGGRESSIVE;
				CLANG_WARN_UNREACHABLE_CODE = YES;
				CLANG_WARN__DUPLICATE_METHOD_MATCH = YES;
				COPY_PHASE_STRIP = NO;
				DEBUG_INFORMATION_FORMAT = dwarf;
				ENABLE_STRICT_OBJC_MSGSEND = YES;
				ENABLE_TESTABILITY = YES;
				GCC_C_LANGUAGE_STANDARD = gnu11;
				GCC_DYNAMIC_NO_PIC = NO;
				GCC_NO_COMMON_BLOCKS = YES;
				GCC_OPTIMIZATION_LEVEL = 0;
				GCC_PREPROCESSOR_DEFINITIONS = (
					"DEBUG=1",
					"$(inherited)",
				);
				GCC_WARN_64_TO_32_BIT_CONVERSION = YES;
				GCC_WARN_ABOUT_RETURN_TYPE = YES_ERROR;
				GCC_WARN_UNDECLARED_SELECTOR = YES;
				GCC_WARN_UNINITIALIZED_AUTOS = YES_AGGRESSIVE;
				GCC_WARN_UNUSED_FUNCTION = YES;
				GCC_WARN_UNUSED_VARIABLE = YES;
				IPHONEOS_DEPLOYMENT_TARGET = 13.0;
				MTL_ENABLE_DEBUG_INFO = INCLUDE_SOURCE;
				MTL_FAST_MATH = YES;
				ONLY_ACTIVE_ARCH = YES;
				SDKROOT = iphoneos;
				SWIFT_ACTIVE_COMPILATION_CONDITIONS = DEBUG;
				SWIFT_OPTIMIZATION_LEVEL = "-Onone";
			};
			name = Debug;
		};
		F36AE302299E4F5500D7AD54 /* Release */ = {
			isa = XCBuildConfiguration;
			buildSettings = {
				ALWAYS_SEARCH_USER_PATHS = NO;
				CLANG_ANALYZER_NONNULL = YES;
				CLANG_ANALYZER_NUMBER_OBJECT_CONVERSION = YES_AGGRESSIVE;
				CLANG_CXX_LANGUAGE_STANDARD = "gnu++20";
				CLANG_ENABLE_MODULES = YES;
				CLANG_ENABLE_OBJC_ARC = YES;
				CLANG_ENABLE_OBJC_WEAK = YES;
				CLANG_WARN_BLOCK_CAPTURE_AUTORELEASING = YES;
				CLANG_WARN_BOOL_CONVERSION = YES;
				CLANG_WARN_COMMA = YES;
				CLANG_WARN_CONSTANT_CONVERSION = YES;
				CLANG_WARN_DEPRECATED_OBJC_IMPLEMENTATIONS = YES;
				CLANG_WARN_DIRECT_OBJC_ISA_USAGE = YES_ERROR;
				CLANG_WARN_DOCUMENTATION_COMMENTS = YES;
				CLANG_WARN_EMPTY_BODY = YES;
				CLANG_WARN_ENUM_CONVERSION = YES;
				CLANG_WARN_INFINITE_RECURSION = YES;
				CLANG_WARN_INT_CONVERSION = YES;
				CLANG_WARN_NON_LITERAL_NULL_CONVERSION = YES;
				CLANG_WARN_OBJC_IMPLICIT_RETAIN_SELF = YES;
				CLANG_WARN_OBJC_LITERAL_CONVERSION = YES;
				CLANG_WARN_OBJC_ROOT_CLASS = YES_ERROR;
				CLANG_WARN_QUOTED_INCLUDE_IN_FRAMEWORK_HEADER = YES;
				CLANG_WARN_RANGE_LOOP_ANALYSIS = YES;
				CLANG_WARN_STRICT_PROTOTYPES = YES;
				CLANG_WARN_SUSPICIOUS_MOVE = YES;
				CLANG_WARN_UNGUARDED_AVAILABILITY = YES_AGGRESSIVE;
				CLANG_WARN_UNREACHABLE_CODE = YES;
				CLANG_WARN__DUPLICATE_METHOD_MATCH = YES;
				COPY_PHASE_STRIP = NO;
				DEBUG_INFORMATION_FORMAT = "dwarf-with-dsym";
				ENABLE_NS_ASSERTIONS = NO;
				ENABLE_STRICT_OBJC_MSGSEND = YES;
				GCC_C_LANGUAGE_STANDARD = gnu11;
				GCC_NO_COMMON_BLOCKS = YES;
				GCC_WARN_64_TO_32_BIT_CONVERSION = YES;
				GCC_WARN_ABOUT_RETURN_TYPE = YES_ERROR;
				GCC_WARN_UNDECLARED_SELECTOR = YES;
				GCC_WARN_UNINITIALIZED_AUTOS = YES_AGGRESSIVE;
				GCC_WARN_UNUSED_FUNCTION = YES;
				GCC_WARN_UNUSED_VARIABLE = YES;
				IPHONEOS_DEPLOYMENT_TARGET = 13.0;
				MTL_ENABLE_DEBUG_INFO = NO;
				MTL_FAST_MATH = YES;
				SDKROOT = iphoneos;
				SWIFT_COMPILATION_MODE = wholemodule;
				SWIFT_OPTIMIZATION_LEVEL = "-O";
				VALIDATE_PRODUCT = YES;
			};
			name = Release;
		};
		F36AE304299E4F5500D7AD54 /* Debug */ = {
			isa = XCBuildConfiguration;
			buildSettings = {
				ASSETCATALOG_COMPILER_APPICON_NAME = AppIcon;
				ASSETCATALOG_COMPILER_GLOBAL_ACCENT_COLOR_NAME = AccentColor;
				CODE_SIGN_STYLE = Automatic;
				CURRENT_PROJECT_VERSION = 1;
				DEVELOPMENT_TEAM = 8F9BJF9KQ5;
				GENERATE_INFOPLIST_FILE = YES;
				INFOPLIST_FILE = Calculator_2023/Application/Info.plist;
				INFOPLIST_KEY_UIApplicationSupportsIndirectInputEvents = YES;
				INFOPLIST_KEY_UILaunchStoryboardName = LaunchScreen;
				INFOPLIST_KEY_UISupportedInterfaceOrientations_iPad = "UIInterfaceOrientationPortrait UIInterfaceOrientationPortraitUpsideDown UIInterfaceOrientationLandscapeLeft UIInterfaceOrientationLandscapeRight";
				INFOPLIST_KEY_UISupportedInterfaceOrientations_iPhone = "UIInterfaceOrientationPortrait UIInterfaceOrientationLandscapeLeft UIInterfaceOrientationLandscapeRight";
				IPHONEOS_DEPLOYMENT_TARGET = 13.0;
				LD_RUNPATH_SEARCH_PATHS = (
					"$(inherited)",
					"@executable_path/Frameworks",
				);
				MARKETING_VERSION = 1.0;
				PRODUCT_BUNDLE_IDENTIFIER = "hits.Calculator-2023";
				PRODUCT_NAME = "$(TARGET_NAME)";
				SWIFT_EMIT_LOC_STRINGS = YES;
				SWIFT_VERSION = 5.0;
				TARGETED_DEVICE_FAMILY = "1,2";
			};
			name = Debug;
		};
		F36AE305299E4F5500D7AD54 /* Release */ = {
			isa = XCBuildConfiguration;
			buildSettings = {
				ASSETCATALOG_COMPILER_APPICON_NAME = AppIcon;
				ASSETCATALOG_COMPILER_GLOBAL_ACCENT_COLOR_NAME = AccentColor;
				CODE_SIGN_STYLE = Automatic;
				CURRENT_PROJECT_VERSION = 1;
				DEVELOPMENT_TEAM = 8F9BJF9KQ5;
				GENERATE_INFOPLIST_FILE = YES;
				INFOPLIST_FILE = Calculator_2023/Application/Info.plist;
				INFOPLIST_KEY_UIApplicationSupportsIndirectInputEvents = YES;
				INFOPLIST_KEY_UILaunchStoryboardName = LaunchScreen;
				INFOPLIST_KEY_UISupportedInterfaceOrientations_iPad = "UIInterfaceOrientationPortrait UIInterfaceOrientationPortraitUpsideDown UIInterfaceOrientationLandscapeLeft UIInterfaceOrientationLandscapeRight";
				INFOPLIST_KEY_UISupportedInterfaceOrientations_iPhone = "UIInterfaceOrientationPortrait UIInterfaceOrientationLandscapeLeft UIInterfaceOrientationLandscapeRight";
				IPHONEOS_DEPLOYMENT_TARGET = 13.0;
				LD_RUNPATH_SEARCH_PATHS = (
					"$(inherited)",
					"@executable_path/Frameworks",
				);
				MARKETING_VERSION = 1.0;
				PRODUCT_BUNDLE_IDENTIFIER = "hits.Calculator-2023";
				PRODUCT_NAME = "$(TARGET_NAME)";
				SWIFT_EMIT_LOC_STRINGS = YES;
				SWIFT_VERSION = 5.0;
				TARGETED_DEVICE_FAMILY = "1,2";
			};
			name = Release;
		};
/* End XCBuildConfiguration section */

/* Begin XCConfigurationList section */
		F36AE2EA299E4F5400D7AD54 /* Build configuration list for PBXProject "Calculator_2023" */ = {
			isa = XCConfigurationList;
			buildConfigurations = (
				F36AE301299E4F5500D7AD54 /* Debug */,
				F36AE302299E4F5500D7AD54 /* Release */,
			);
			defaultConfigurationIsVisible = 0;
			defaultConfigurationName = Release;
		};
		F36AE303299E4F5500D7AD54 /* Build configuration list for PBXNativeTarget "Calculator_2023" */ = {
			isa = XCConfigurationList;
			buildConfigurations = (
				F36AE304299E4F5500D7AD54 /* Debug */,
				F36AE305299E4F5500D7AD54 /* Release */,
			);
			defaultConfigurationIsVisible = 0;
			defaultConfigurationName = Release;
		};
/* End XCConfigurationList section */

/* Begin XCRemoteSwiftPackageReference section */
		F384436729A1D4390081DEC0 /* XCRemoteSwiftPackageReference "SnapKit" */ = {
			isa = XCRemoteSwiftPackageReference;
			repositoryURL = "https://github.com/SnapKit/SnapKit.git";
			requirement = {
				branch = develop;
				kind = branch;
			};
		};
/* End XCRemoteSwiftPackageReference section */

/* Begin XCSwiftPackageProductDependency section */
		F384436829A1D4390081DEC0 /* SnapKit */ = {
			isa = XCSwiftPackageProductDependency;
			package = F384436729A1D4390081DEC0 /* XCRemoteSwiftPackageReference "SnapKit" */;
			productName = SnapKit;
		};
/* End XCSwiftPackageProductDependency section */
	};
	rootObject = F36AE2E7299E4F5400D7AD54 /* Project object */;
}
